
Microsoft Visual Studio Solution File, Format Version 12.00
# Visual Studio Version 17
VisualStudioVersion = 17.11.35312.102
MinimumVisualStudioVersion = 10.0.40219.1
Project("{FAE04EC0-301F-11D3-BF4B-00C04F79EFBC}") = "SimpleTcpChat", "SimpleTcpChat\SimpleTcpChat.csproj", "{04E70AF1-18F3-4478-A154-51970A290568}"
EndProject
Project("{FAE04EC0-301F-11D3-BF4B-00C04F79EFBC}") = "SimpleTcpChatClient", "SimpleTcpChatClient\SimpleTcpChatClient.csproj", "{408815EB-7CB2-4C67-B438-BA14E1CE48DF}"
EndProject
Global
	GlobalSection(SolutionConfigurationPlatforms) = preSolution
		Debug|Any CPU = Debug|Any CPU
		Release|Any CPU = Release|Any CPU
	EndGlobalSection
	GlobalSection(ProjectConfigurationPlatforms) = postSolution
		{04E70AF1-18F3-4478-A154-51970A290568}.Debug|Any CPU.ActiveCfg = Debug|Any CPU
		{04E70AF1-18F3-4478-A154-51970A290568}.Debug|Any CPU.Build.0 = Debug|Any CPU
		{04E70AF1-18F3-4478-A154-51970A290568}.Release|Any CPU.ActiveCfg = Release|Any CPU
		{04E70AF1-18F3-4478-A154-51970A290568}.Release|Any CPU.Build.0 = Release|Any CPU
		{408815EB-7CB2-4C67-B438-BA14E1CE48DF}.Debug|Any CPU.ActiveCfg = Debug|Any CPU
		{408815EB-7CB2-4C67-B438-BA14E1CE48DF}.Debug|Any CPU.Build.0 = Debug|Any CPU
		{408815EB-7CB2-4C67-B438-BA14E1CE48DF}.Release|Any CPU.ActiveCfg = Release|Any CPU
		{408815EB-7CB2-4C67-B438-BA14E1CE48DF}.Release|Any CPU.Build.0 = Release|Any CPU
	EndGlobalSection
	GlobalSection(SolutionProperties) = preSolution
		HideSolutionNode = FALSE
	EndGlobalSection
	GlobalSection(ExtensibilityGlobals) = postSolution
		SolutionGuid = {39F32725-E456-432D-9570-074F61B4C052}
	EndGlobalSection
EndGlobal
